// !$*UTF8*$!
{
	archiveVersion = 1;
	classes = {
	};
	objectVersion = 77;
	objects = {

/* Begin PBXBuildFile section */
		6B2501952D0AEAD6004B50C1 /* Assets.xcassets in Resources */ = {isa = PBXBuildFile; fileRef = 6B25018A2D0AEAD6004B50C1 /* Assets.xcassets */; };
		6B2501972D0AEAD6004B50C1 /* LaunchScreen.storyboard in Resources */ = {isa = PBXBuildFile; fileRef = 6B25018D2D0AEAD6004B50C1 /* LaunchScreen.storyboard */; };
		6B2501982D0AEAD6004B50C1 /* Root.storyboard in Resources */ = {isa = PBXBuildFile; fileRef = 6B2501902D0AEAD6004B50C1 /* Root.storyboard */; };
		6B2501992D0AEAD6004B50C1 /* AppDelegate.swift in Sources */ = {isa = PBXBuildFile; fileRef = 6B2501892D0AEAD6004B50C1 /* AppDelegate.swift */; };
		6B25019A2D0AEAD6004B50C1 /* LoyaltyProgram.xcdatamodeld in Sources */ = {isa = PBXBuildFile; fileRef = 6B25018E2D0AEAD6004B50C1 /* LoyaltyProgram.xcdatamodeld */; };
		6B25019B2D0AEAD6004B50C1 /* SceneDelegate.swift in Sources */ = {isa = PBXBuildFile; fileRef = 6B2501912D0AEAD6004B50C1 /* SceneDelegate.swift */; };
		6B25019C2D0AEAD6004B50C1 /* RootViewController.swift in Sources */ = {isa = PBXBuildFile; fileRef = 6B2501922D0AEAD6004B50C1 /* RootViewController.swift */; };
		6B2501AA2D0AED90004B50C1 /* UIView.swift in Sources */ = {isa = PBXBuildFile; fileRef = 6B2501A82D0AED90004B50C1 /* UIView.swift */; };
		6B2501AB2D0AED90004B50C1 /* BaseTextField.swift in Sources */ = {isa = PBXBuildFile; fileRef = 6B2501A02D0AED90004B50C1 /* BaseTextField.swift */; };
		6B2501AC2D0AED90004B50C1 /* ViewController.swift in Sources */ = {isa = PBXBuildFile; fileRef = 6B2501A92D0AED90004B50C1 /* ViewController.swift */; };
		6B2501AD2D0AED90004B50C1 /* String.swift in Sources */ = {isa = PBXBuildFile; fileRef = 6B2501A72D0AED90004B50C1 /* String.swift */; };
		6B2501AE2D0AED90004B50C1 /* Double.swift in Sources */ = {isa = PBXBuildFile; fileRef = 6B2501A12D0AED90004B50C1 /* Double.swift */; };
		6B2501AF2D0AED90004B50C1 /* BaseButton.swift in Sources */ = {isa = PBXBuildFile; fileRef = 6B25019F2D0AED90004B50C1 /* BaseButton.swift */; };
		6B2501B02D0AED90004B50C1 /* Font.swift in Sources */ = {isa = PBXBuildFile; fileRef = 6B2501A22D0AED90004B50C1 /* Font.swift */; };
		6B2501B72D0AEDF7004B50C1 /* RobotoMono-Regular.ttf in Resources */ = {isa = PBXBuildFile; fileRef = 6B2501B62D0AEDF7004B50C1 /* RobotoMono-Regular.ttf */; };
		6B2501B82D0AEDF7004B50C1 /* RobotoMono-Medium.ttf in Resources */ = {isa = PBXBuildFile; fileRef = 6B2501B52D0AEDF7004B50C1 /* RobotoMono-Medium.ttf */; };
		6B2501B92D0AEDF7004B50C1 /* RobotoMono-Bold.ttf in Resources */ = {isa = PBXBuildFile; fileRef = 6B2501B42D0AEDF7004B50C1 /* RobotoMono-Bold.ttf */; };
		6B2501BB2D0AEE53004B50C1 /* Roboto-Black.ttf in Resources */ = {isa = PBXBuildFile; fileRef = 6B2501BA2D0AEE53004B50C1 /* Roboto-Black.ttf */; };
		6B2501BD2D0AEE88004B50C1 /* Roboto-BoldCondensed.ttf in Resources */ = {isa = PBXBuildFile; fileRef = 6B2501BC2D0AEE88004B50C1 /* Roboto-BoldCondensed.ttf */; };
		6B2501C22D0AF153004B50C1 /* MenuViewController.xib in Resources */ = {isa = PBXBuildFile; fileRef = 6B2501C12D0AF153004B50C1 /* MenuViewController.xib */; };
		6B2501C32D0AF153004B50C1 /* MenuViewController.swift in Sources */ = {isa = PBXBuildFile; fileRef = 6B2501C02D0AF153004B50C1 /* MenuViewController.swift */; };
		6B2501C52D0AF6C5004B50C1 /* PaddingTextField.swift in Sources */ = {isa = PBXBuildFile; fileRef = 6B2501C42D0AF6C5004B50C1 /* PaddingTextField.swift */; };
		6B2501C72D0AF969004B50C1 /* RobotoMono-Italic.ttf in Resources */ = {isa = PBXBuildFile; fileRef = 6B2501C62D0AF969004B50C1 /* RobotoMono-Italic.ttf */; };
		6B2501CC2D0B04A4004B50C1 /* ClientsViewController.swift in Sources */ = {isa = PBXBuildFile; fileRef = 6B2501CA2D0B04A4004B50C1 /* ClientsViewController.swift */; };
		6B2501CD2D0B04A4004B50C1 /* ClientsViewController.xib in Resources */ = {isa = PBXBuildFile; fileRef = 6B2501CB2D0B04A4004B50C1 /* ClientsViewController.xib */; };
		6B2501CF2D0B06A3004B50C1 /* ShadowView.swift in Sources */ = {isa = PBXBuildFile; fileRef = 6B2501CE2D0B06A3004B50C1 /* ShadowView.swift */; };
		6B2501D32D0B2FAE004B50C1 /* ClientTableViewCell.swift in Sources */ = {isa = PBXBuildFile; fileRef = 6B2501D12D0B2FAE004B50C1 /* ClientTableViewCell.swift */; };
		6B2501D42D0B2FAE004B50C1 /* ClientTableViewCell.xib in Resources */ = {isa = PBXBuildFile; fileRef = 6B2501D22D0B2FAE004B50C1 /* ClientTableViewCell.xib */; };
		6B2501D72D0B30EC004B50C1 /* ClientModel.swift in Sources */ = {isa = PBXBuildFile; fileRef = 6B2501D62D0B30EC004B50C1 /* ClientModel.swift */; };
		6B2501DA2D0B315F004B50C1 /* CoreDataManager.swift in Sources */ = {isa = PBXBuildFile; fileRef = 6B2501D92D0B315F004B50C1 /* CoreDataManager.swift */; };
		6B2501DD2D0B3398004B50C1 /* ClientsViewModel.swift in Sources */ = {isa = PBXBuildFile; fileRef = 6B2501DC2D0B3398004B50C1 /* ClientsViewModel.swift */; };
		6B2501E22D0B3B97004B50C1 /* ClientFormViewController.xib in Resources */ = {isa = PBXBuildFile; fileRef = 6B2501E12D0B3B97004B50C1 /* ClientFormViewController.xib */; };
		6B2501E32D0B3B97004B50C1 /* ClientFormViewController.swift in Sources */ = {isa = PBXBuildFile; fileRef = 6B2501E02D0B3B97004B50C1 /* ClientFormViewController.swift */; };
		6B2501E62D0B3D04004B50C1 /* ClientFormViewModel.swift in Sources */ = {isa = PBXBuildFile; fileRef = 6B2501E52D0B3D04004B50C1 /* ClientFormViewModel.swift */; };
		6B2501EB2D0B560B004B50C1 /* ManagingPointsViewController.swift in Sources */ = {isa = PBXBuildFile; fileRef = 6B2501E92D0B560B004B50C1 /* ManagingPointsViewController.swift */; };
		6B2501EC2D0B560B004B50C1 /* ManagingPointsViewController.xib in Resources */ = {isa = PBXBuildFile; fileRef = 6B2501EA2D0B560B004B50C1 /* ManagingPointsViewController.xib */; };
		6B2501EF2D0B6089004B50C1 /* ManagingPointsViewModel.swift in Sources */ = {isa = PBXBuildFile; fileRef = 6B2501EE2D0B6089004B50C1 /* ManagingPointsViewModel.swift */; };
		6B2501F32D0B7120004B50C1 /* MenuViewModel.swift in Sources */ = {isa = PBXBuildFile; fileRef = 6B2501F22D0B7120004B50C1 /* MenuViewModel.swift */; };
/* End PBXBuildFile section */

/* Begin PBXFileReference section */
		6B25016E2D0AEACF004B50C1 /* LoyaltyProgram.app */ = {isa = PBXFileReference; explicitFileType = wrapper.application; includeInIndex = 0; path = LoyaltyProgram.app; sourceTree = BUILT_PRODUCTS_DIR; };
		6B2501892D0AEAD6004B50C1 /* AppDelegate.swift */ = {isa = PBXFileReference; lastKnownFileType = sourcecode.swift; path = AppDelegate.swift; sourceTree = "<group>"; };
		6B25018A2D0AEAD6004B50C1 /* Assets.xcassets */ = {isa = PBXFileReference; lastKnownFileType = folder.assetcatalog; path = Assets.xcassets; sourceTree = "<group>"; };
		6B25018B2D0AEAD6004B50C1 /* Info.plist */ = {isa = PBXFileReference; lastKnownFileType = text.plist.xml; path = Info.plist; sourceTree = "<group>"; };
		6B25018C2D0AEAD6004B50C1 /* Base */ = {isa = PBXFileReference; lastKnownFileType = file.storyboard; name = Base; path = Base.lproj/LaunchScreen.storyboard; sourceTree = "<group>"; };
		6B25018F2D0AEAD6004B50C1 /* Base */ = {isa = PBXFileReference; lastKnownFileType = file.storyboard; name = Base; path = Base.lproj/Root.storyboard; sourceTree = "<group>"; };
		6B2501912D0AEAD6004B50C1 /* SceneDelegate.swift */ = {isa = PBXFileReference; lastKnownFileType = sourcecode.swift; path = SceneDelegate.swift; sourceTree = "<group>"; };
		6B2501922D0AEAD6004B50C1 /* RootViewController.swift */ = {isa = PBXFileReference; lastKnownFileType = sourcecode.swift; path = RootViewController.swift; sourceTree = "<group>"; };
		6B2501942D0AEAD6004B50C1 /* LoyaltyProgram.xcdatamodel */ = {isa = PBXFileReference; lastKnownFileType = wrapper.xcdatamodel; path = LoyaltyProgram.xcdatamodel; sourceTree = "<group>"; };
		6B25019F2D0AED90004B50C1 /* BaseButton.swift */ = {isa = PBXFileReference; lastKnownFileType = sourcecode.swift; path = BaseButton.swift; sourceTree = "<group>"; };
		6B2501A02D0AED90004B50C1 /* BaseTextField.swift */ = {isa = PBXFileReference; lastKnownFileType = sourcecode.swift; path = BaseTextField.swift; sourceTree = "<group>"; };
		6B2501A12D0AED90004B50C1 /* Double.swift */ = {isa = PBXFileReference; lastKnownFileType = sourcecode.swift; path = Double.swift; sourceTree = "<group>"; };
		6B2501A22D0AED90004B50C1 /* Font.swift */ = {isa = PBXFileReference; lastKnownFileType = sourcecode.swift; path = Font.swift; sourceTree = "<group>"; };
		6B2501A72D0AED90004B50C1 /* String.swift */ = {isa = PBXFileReference; lastKnownFileType = sourcecode.swift; path = String.swift; sourceTree = "<group>"; };
		6B2501A82D0AED90004B50C1 /* UIView.swift */ = {isa = PBXFileReference; lastKnownFileType = sourcecode.swift; path = UIView.swift; sourceTree = "<group>"; };
		6B2501A92D0AED90004B50C1 /* ViewController.swift */ = {isa = PBXFileReference; lastKnownFileType = sourcecode.swift; path = ViewController.swift; sourceTree = "<group>"; };
		6B2501B42D0AEDF7004B50C1 /* RobotoMono-Bold.ttf */ = {isa = PBXFileReference; lastKnownFileType = file; path = "RobotoMono-Bold.ttf"; sourceTree = "<group>"; };
		6B2501B52D0AEDF7004B50C1 /* RobotoMono-Medium.ttf */ = {isa = PBXFileReference; lastKnownFileType = file; path = "RobotoMono-Medium.ttf"; sourceTree = "<group>"; };
		6B2501B62D0AEDF7004B50C1 /* RobotoMono-Regular.ttf */ = {isa = PBXFileReference; lastKnownFileType = file; path = "RobotoMono-Regular.ttf"; sourceTree = "<group>"; };
		6B2501BA2D0AEE53004B50C1 /* Roboto-Black.ttf */ = {isa = PBXFileReference; lastKnownFileType = file; path = "Roboto-Black.ttf"; sourceTree = "<group>"; };
		6B2501BC2D0AEE88004B50C1 /* Roboto-BoldCondensed.ttf */ = {isa = PBXFileReference; lastKnownFileType = file; path = "Roboto-BoldCondensed.ttf"; sourceTree = "<group>"; };
		6B2501C02D0AF153004B50C1 /* MenuViewController.swift */ = {isa = PBXFileReference; lastKnownFileType = sourcecode.swift; path = MenuViewController.swift; sourceTree = "<group>"; };
		6B2501C12D0AF153004B50C1 /* MenuViewController.xib */ = {isa = PBXFileReference; lastKnownFileType = file.xib; path = MenuViewController.xib; sourceTree = "<group>"; };
		6B2501C42D0AF6C5004B50C1 /* PaddingTextField.swift */ = {isa = PBXFileReference; lastKnownFileType = sourcecode.swift; path = PaddingTextField.swift; sourceTree = "<group>"; };
		6B2501C62D0AF969004B50C1 /* RobotoMono-Italic.ttf */ = {isa = PBXFileReference; lastKnownFileType = file; path = "RobotoMono-Italic.ttf"; sourceTree = "<group>"; };
		6B2501CA2D0B04A4004B50C1 /* ClientsViewController.swift */ = {isa = PBXFileReference; lastKnownFileType = sourcecode.swift; path = ClientsViewController.swift; sourceTree = "<group>"; };
		6B2501CB2D0B04A4004B50C1 /* ClientsViewController.xib */ = {isa = PBXFileReference; lastKnownFileType = file.xib; path = ClientsViewController.xib; sourceTree = "<group>"; };
		6B2501CE2D0B06A3004B50C1 /* ShadowView.swift */ = {isa = PBXFileReference; lastKnownFileType = sourcecode.swift; path = ShadowView.swift; sourceTree = "<group>"; };
		6B2501D12D0B2FAE004B50C1 /* ClientTableViewCell.swift */ = {isa = PBXFileReference; lastKnownFileType = sourcecode.swift; path = ClientTableViewCell.swift; sourceTree = "<group>"; };
		6B2501D22D0B2FAE004B50C1 /* ClientTableViewCell.xib */ = {isa = PBXFileReference; lastKnownFileType = file.xib; path = ClientTableViewCell.xib; sourceTree = "<group>"; };
		6B2501D62D0B30EC004B50C1 /* ClientModel.swift */ = {isa = PBXFileReference; lastKnownFileType = sourcecode.swift; path = ClientModel.swift; sourceTree = "<group>"; };
		6B2501D92D0B315F004B50C1 /* CoreDataManager.swift */ = {isa = PBXFileReference; lastKnownFileType = sourcecode.swift; path = CoreDataManager.swift; sourceTree = "<group>"; };
		6B2501DC2D0B3398004B50C1 /* ClientsViewModel.swift */ = {isa = PBXFileReference; lastKnownFileType = sourcecode.swift; path = ClientsViewModel.swift; sourceTree = "<group>"; };
		6B2501E02D0B3B97004B50C1 /* ClientFormViewController.swift */ = {isa = PBXFileReference; lastKnownFileType = sourcecode.swift; path = ClientFormViewController.swift; sourceTree = "<group>"; };
		6B2501E12D0B3B97004B50C1 /* ClientFormViewController.xib */ = {isa = PBXFileReference; lastKnownFileType = file.xib; path = ClientFormViewController.xib; sourceTree = "<group>"; };
		6B2501E52D0B3D04004B50C1 /* ClientFormViewModel.swift */ = {isa = PBXFileReference; lastKnownFileType = sourcecode.swift; path = ClientFormViewModel.swift; sourceTree = "<group>"; };
		6B2501E92D0B560B004B50C1 /* ManagingPointsViewController.swift */ = {isa = PBXFileReference; lastKnownFileType = sourcecode.swift; path = ManagingPointsViewController.swift; sourceTree = "<group>"; };
		6B2501EA2D0B560B004B50C1 /* ManagingPointsViewController.xib */ = {isa = PBXFileReference; lastKnownFileType = file.xib; path = ManagingPointsViewController.xib; sourceTree = "<group>"; };
		6B2501EE2D0B6089004B50C1 /* ManagingPointsViewModel.swift */ = {isa = PBXFileReference; lastKnownFileType = sourcecode.swift; path = ManagingPointsViewModel.swift; sourceTree = "<group>"; };
		6B2501F22D0B7120004B50C1 /* MenuViewModel.swift */ = {isa = PBXFileReference; lastKnownFileType = sourcecode.swift; path = MenuViewModel.swift; sourceTree = "<group>"; };
/* End PBXFileReference section */

/* Begin PBXFrameworksBuildPhase section */
		6B25016B2D0AEACF004B50C1 /* Frameworks */ = {
			isa = PBXFrameworksBuildPhase;
			buildActionMask = 2147483647;
			files = (
			);
			runOnlyForDeploymentPostprocessing = 0;
		};
/* End PBXFrameworksBuildPhase section */

/* Begin PBXGroup section */
		6B2501652D0AEACF004B50C1 = {
			isa = PBXGroup;
			children = (
				6B2501932D0AEAD6004B50C1 /* LoyaltyProgram */,
				6B25016F2D0AEACF004B50C1 /* Products */,
			);
			sourceTree = "<group>";
		};
		6B25016F2D0AEACF004B50C1 /* Products */ = {
			isa = PBXGroup;
			children = (
				6B25016E2D0AEACF004B50C1 /* LoyaltyProgram.app */,
			);
			name = Products;
			sourceTree = "<group>";
		};
		6B2501932D0AEAD6004B50C1 /* LoyaltyProgram */ = {
			isa = PBXGroup;
			children = (
				6B2501E72D0B55E0004B50C1 /* ManagingPoints */,
				6B2501DE2D0B3B79004B50C1 /* ClientForm */,
				6B2501C82D0B0491004B50C1 /* Clients */,
				6B2501BE2D0AF13B004B50C1 /* Menu */,
				6B25019D2D0AEB11004B50C1 /* Root */,
				6B25019E2D0AED22004B50C1 /* Extensions */,
				6B2501D82D0B3139004B50C1 /* CoreData */,
				6B2501892D0AEAD6004B50C1 /* AppDelegate.swift */,
				6B25018A2D0AEAD6004B50C1 /* Assets.xcassets */,
				6B25018B2D0AEAD6004B50C1 /* Info.plist */,
				6B25018D2D0AEAD6004B50C1 /* LaunchScreen.storyboard */,
				6B25018E2D0AEAD6004B50C1 /* LoyaltyProgram.xcdatamodeld */,
				6B2501912D0AEAD6004B50C1 /* SceneDelegate.swift */,
			);
			path = LoyaltyProgram;
			sourceTree = "<group>";
		};
		6B25019D2D0AEB11004B50C1 /* Root */ = {
			isa = PBXGroup;
			children = (
				6B2501922D0AEAD6004B50C1 /* RootViewController.swift */,
				6B2501902D0AEAD6004B50C1 /* Root.storyboard */,
			);
			path = Root;
			sourceTree = "<group>";
		};
		6B25019E2D0AED22004B50C1 /* Extensions */ = {
			isa = PBXGroup;
			children = (
				6B2501C42D0AF6C5004B50C1 /* PaddingTextField.swift */,
				6B25019F2D0AED90004B50C1 /* BaseButton.swift */,
				6B2501A02D0AED90004B50C1 /* BaseTextField.swift */,
				6B2501A12D0AED90004B50C1 /* Double.swift */,
				6B2501A62D0AED90004B50C1 /* Font */,
				6B2501A72D0AED90004B50C1 /* String.swift */,
				6B2501A82D0AED90004B50C1 /* UIView.swift */,
				6B2501CE2D0B06A3004B50C1 /* ShadowView.swift */,
				6B2501A92D0AED90004B50C1 /* ViewController.swift */,
			);
			path = Extensions;
			sourceTree = "<group>";
		};
		6B2501A62D0AED90004B50C1 /* Font */ = {
			isa = PBXGroup;
			children = (
				6B2501A22D0AED90004B50C1 /* Font.swift */,
				6B2501C62D0AF969004B50C1 /* RobotoMono-Italic.ttf */,
				6B2501B42D0AEDF7004B50C1 /* RobotoMono-Bold.ttf */,
				6B2501B52D0AEDF7004B50C1 /* RobotoMono-Medium.ttf */,
				6B2501B62D0AEDF7004B50C1 /* RobotoMono-Regular.ttf */,
				6B2501BC2D0AEE88004B50C1 /* Roboto-BoldCondensed.ttf */,
				6B2501BA2D0AEE53004B50C1 /* Roboto-Black.ttf */,
			);
			path = Font;
			sourceTree = "<group>";
		};
		6B2501BE2D0AF13B004B50C1 /* Menu */ = {
			isa = PBXGroup;
			children = (
				6B2501F02D0B70C3004B50C1 /* ViewModel */,
				6B2501BF2D0AF144004B50C1 /* View */,
			);
			path = Menu;
			sourceTree = "<group>";
		};
		6B2501BF2D0AF144004B50C1 /* View */ = {
			isa = PBXGroup;
			children = (
				6B2501C02D0AF153004B50C1 /* MenuViewController.swift */,
				6B2501C12D0AF153004B50C1 /* MenuViewController.xib */,
			);
			path = View;
			sourceTree = "<group>";
		};
		6B2501C82D0B0491004B50C1 /* Clients */ = {
			isa = PBXGroup;
			children = (
				6B2501DB2D0B338E004B50C1 /* ViewModel */,
				6B2501D52D0B30DE004B50C1 /* Model */,
				6B2501D02D0B2F9E004B50C1 /* Cell */,
				6B2501C92D0B0499004B50C1 /* View */,
			);
			path = Clients;
			sourceTree = "<group>";
		};
		6B2501C92D0B0499004B50C1 /* View */ = {
			isa = PBXGroup;
			children = (
				6B2501CA2D0B04A4004B50C1 /* ClientsViewController.swift */,
				6B2501CB2D0B04A4004B50C1 /* ClientsViewController.xib */,
			);
			path = View;
			sourceTree = "<group>";
		};
		6B2501D02D0B2F9E004B50C1 /* Cell */ = {
			isa = PBXGroup;
			children = (
				6B2501D12D0B2FAE004B50C1 /* ClientTableViewCell.swift */,
				6B2501D22D0B2FAE004B50C1 /* ClientTableViewCell.xib */,
			);
			path = Cell;
			sourceTree = "<group>";
		};
		6B2501D52D0B30DE004B50C1 /* Model */ = {
			isa = PBXGroup;
			children = (
				6B2501D62D0B30EC004B50C1 /* ClientModel.swift */,
			);
			path = Model;
			sourceTree = "<group>";
		};
		6B2501D82D0B3139004B50C1 /* CoreData */ = {
			isa = PBXGroup;
			children = (
				6B2501D92D0B315F004B50C1 /* CoreDataManager.swift */,
			);
			path = CoreData;
			sourceTree = "<group>";
		};
		6B2501DB2D0B338E004B50C1 /* ViewModel */ = {
			isa = PBXGroup;
			children = (
				6B2501DC2D0B3398004B50C1 /* ClientsViewModel.swift */,
			);
			path = ViewModel;
			sourceTree = "<group>";
		};
		6B2501DE2D0B3B79004B50C1 /* ClientForm */ = {
			isa = PBXGroup;
			children = (
				6B2501E42D0B3CE8004B50C1 /* ViewModel */,
				6B2501DF2D0B3B86004B50C1 /* View */,
			);
			path = ClientForm;
			sourceTree = "<group>";
		};
		6B2501DF2D0B3B86004B50C1 /* View */ = {
			isa = PBXGroup;
			children = (
				6B2501E02D0B3B97004B50C1 /* ClientFormViewController.swift */,
				6B2501E12D0B3B97004B50C1 /* ClientFormViewController.xib */,
			);
			path = View;
			sourceTree = "<group>";
		};
		6B2501E42D0B3CE8004B50C1 /* ViewModel */ = {
			isa = PBXGroup;
			children = (
				6B2501E52D0B3D04004B50C1 /* ClientFormViewModel.swift */,
			);
			path = ViewModel;
			sourceTree = "<group>";
		};
		6B2501E72D0B55E0004B50C1 /* ManagingPoints */ = {
			isa = PBXGroup;
			children = (
				6B2501ED2D0B6075004B50C1 /* ViewModel */,
				6B2501E82D0B55EF004B50C1 /* View */,
			);
			path = ManagingPoints;
			sourceTree = "<group>";
		};
		6B2501E82D0B55EF004B50C1 /* View */ = {
			isa = PBXGroup;
			children = (
				6B2501E92D0B560B004B50C1 /* ManagingPointsViewController.swift */,
				6B2501EA2D0B560B004B50C1 /* ManagingPointsViewController.xib */,
			);
			path = View;
			sourceTree = "<group>";
		};
		6B2501ED2D0B6075004B50C1 /* ViewModel */ = {
			isa = PBXGroup;
			children = (
				6B2501EE2D0B6089004B50C1 /* ManagingPointsViewModel.swift */,
			);
			path = ViewModel;
			sourceTree = "<group>";
		};
		6B2501F02D0B70C3004B50C1 /* ViewModel */ = {
			isa = PBXGroup;
			children = (
				6B2501F12D0B7117004B50C1 /* ViewModel */,
			);
			path = ViewModel;
			sourceTree = "<group>";
		};
		6B2501F12D0B7117004B50C1 /* ViewModel */ = {
			isa = PBXGroup;
			children = (
				6B2501F22D0B7120004B50C1 /* MenuViewModel.swift */,
			);
			path = ViewModel;
			sourceTree = "<group>";
		};
/* End PBXGroup section */

/* Begin PBXNativeTarget section */
		6B25016D2D0AEACF004B50C1 /* LoyaltyProgram */ = {
			isa = PBXNativeTarget;
			buildConfigurationList = 6B2501842D0AEAD1004B50C1 /* Build configuration list for PBXNativeTarget "LoyaltyProgram" */;
			buildPhases = (
				6B25016A2D0AEACF004B50C1 /* Sources */,
				6B25016B2D0AEACF004B50C1 /* Frameworks */,
				6B25016C2D0AEACF004B50C1 /* Resources */,
			);
			buildRules = (
			);
			dependencies = (
			);
			name = LoyaltyProgram;
			packageProductDependencies = (
			);
			productName = LoyaltyProgram;
			productReference = 6B25016E2D0AEACF004B50C1 /* LoyaltyProgram.app */;
			productType = "com.apple.product-type.application";
		};
/* End PBXNativeTarget section */

/* Begin PBXProject section */
		6B2501662D0AEACF004B50C1 /* Project object */ = {
			isa = PBXProject;
			attributes = {
				BuildIndependentTargetsInParallel = 1;
				LastSwiftUpdateCheck = 1610;
				LastUpgradeCheck = 1610;
				TargetAttributes = {
					6B25016D2D0AEACF004B50C1 = {
						CreatedOnToolsVersion = 16.1;
					};
				};
			};
			buildConfigurationList = 6B2501692D0AEACF004B50C1 /* Build configuration list for PBXProject "LoyaltyProgram" */;
			developmentRegion = en;
			hasScannedForEncodings = 0;
			knownRegions = (
				en,
				Base,
			);
			mainGroup = 6B2501652D0AEACF004B50C1;
			minimizedProjectReferenceProxies = 1;
			preferredProjectObjectVersion = 77;
			productRefGroup = 6B25016F2D0AEACF004B50C1 /* Products */;
			projectDirPath = "";
			projectRoot = "";
			targets = (
				6B25016D2D0AEACF004B50C1 /* LoyaltyProgram */,
			);
		};
/* End PBXProject section */

/* Begin PBXResourcesBuildPhase section */
		6B25016C2D0AEACF004B50C1 /* Resources */ = {
			isa = PBXResourcesBuildPhase;
			buildActionMask = 2147483647;
			files = (
				6B2501952D0AEAD6004B50C1 /* Assets.xcassets in Resources */,
				6B2501972D0AEAD6004B50C1 /* LaunchScreen.storyboard in Resources */,
				6B2501BD2D0AEE88004B50C1 /* Roboto-BoldCondensed.ttf in Resources */,
				6B2501E22D0B3B97004B50C1 /* ClientFormViewController.xib in Resources */,
				6B2501982D0AEAD6004B50C1 /* Root.storyboard in Resources */,
				6B2501C72D0AF969004B50C1 /* RobotoMono-Italic.ttf in Resources */,
				6B2501C22D0AF153004B50C1 /* MenuViewController.xib in Resources */,
				6B2501D42D0B2FAE004B50C1 /* ClientTableViewCell.xib in Resources */,
				6B2501B72D0AEDF7004B50C1 /* RobotoMono-Regular.ttf in Resources */,
				6B2501BB2D0AEE53004B50C1 /* Roboto-Black.ttf in Resources */,
				6B2501B82D0AEDF7004B50C1 /* RobotoMono-Medium.ttf in Resources */,
				6B2501CD2D0B04A4004B50C1 /* ClientsViewController.xib in Resources */,
				6B2501EC2D0B560B004B50C1 /* ManagingPointsViewController.xib in Resources */,
				6B2501B92D0AEDF7004B50C1 /* RobotoMono-Bold.ttf in Resources */,
			);
			runOnlyForDeploymentPostprocessing = 0;
		};
/* End PBXResourcesBuildPhase section */

/* Begin PBXSourcesBuildPhase section */
		6B25016A2D0AEACF004B50C1 /* Sources */ = {
			isa = PBXSourcesBuildPhase;
			buildActionMask = 2147483647;
			files = (
				6B2501992D0AEAD6004B50C1 /* AppDelegate.swift in Sources */,
				6B2501EB2D0B560B004B50C1 /* ManagingPointsViewController.swift in Sources */,
				6B2501C52D0AF6C5004B50C1 /* PaddingTextField.swift in Sources */,
				6B25019A2D0AEAD6004B50C1 /* LoyaltyProgram.xcdatamodeld in Sources */,
				6B25019B2D0AEAD6004B50C1 /* SceneDelegate.swift in Sources */,
				6B25019C2D0AEAD6004B50C1 /* RootViewController.swift in Sources */,
				6B2501EF2D0B6089004B50C1 /* ManagingPointsViewModel.swift in Sources */,
				6B2501AA2D0AED90004B50C1 /* UIView.swift in Sources */,
				6B2501DA2D0B315F004B50C1 /* CoreDataManager.swift in Sources */,
				6B2501E32D0B3B97004B50C1 /* ClientFormViewController.swift in Sources */,
				6B2501D32D0B2FAE004B50C1 /* ClientTableViewCell.swift in Sources */,
				6B2501AB2D0AED90004B50C1 /* BaseTextField.swift in Sources */,
				6B2501E62D0B3D04004B50C1 /* ClientFormViewModel.swift in Sources */,
				6B2501AC2D0AED90004B50C1 /* ViewController.swift in Sources */,
				6B2501C32D0AF153004B50C1 /* MenuViewController.swift in Sources */,
				6B2501F32D0B7120004B50C1 /* MenuViewModel.swift in Sources */,
				6B2501CF2D0B06A3004B50C1 /* ShadowView.swift in Sources */,
				6B2501CC2D0B04A4004B50C1 /* ClientsViewController.swift in Sources */,
				6B2501AD2D0AED90004B50C1 /* String.swift in Sources */,
				6B2501AE2D0AED90004B50C1 /* Double.swift in Sources */,
				6B2501DD2D0B3398004B50C1 /* ClientsViewModel.swift in Sources */,
				6B2501AF2D0AED90004B50C1 /* BaseButton.swift in Sources */,
				6B2501B02D0AED90004B50C1 /* Font.swift in Sources */,
				6B2501D72D0B30EC004B50C1 /* ClientModel.swift in Sources */,
			);
			runOnlyForDeploymentPostprocessing = 0;
		};
/* End PBXSourcesBuildPhase section */

/* Begin PBXVariantGroup section */
		6B25018D2D0AEAD6004B50C1 /* LaunchScreen.storyboard */ = {
			isa = PBXVariantGroup;
			children = (
				6B25018C2D0AEAD6004B50C1 /* Base */,
			);
			name = LaunchScreen.storyboard;
			sourceTree = "<group>";
		};
		6B2501902D0AEAD6004B50C1 /* Root.storyboard */ = {
			isa = PBXVariantGroup;
			children = (
				6B25018F2D0AEAD6004B50C1 /* Base */,
			);
			name = Root.storyboard;
			sourceTree = "<group>";
		};
/* End PBXVariantGroup section */

/* Begin XCBuildConfiguration section */
		6B2501852D0AEAD1004B50C1 /* Debug */ = {
			isa = XCBuildConfiguration;
			buildSettings = {
				ASSETCATALOG_COMPILER_APPICON_NAME = AppIcon;
				ASSETCATALOG_COMPILER_GLOBAL_ACCENT_COLOR_NAME = AccentColor;
				CODE_SIGN_STYLE = Automatic;
				CURRENT_PROJECT_VERSION = 1;
				DEVELOPMENT_TEAM = 9YUSQBCAX9;
				GENERATE_INFOPLIST_FILE = YES;
				INFOPLIST_FILE = LoyaltyProgram/Info.plist;
				INFOPLIST_KEY_UIApplicationSupportsIndirectInputEvents = YES;
				INFOPLIST_KEY_UILaunchStoryboardName = LaunchScreen;
				INFOPLIST_KEY_UIMainStoryboardFile = Root;
				INFOPLIST_KEY_UISupportedInterfaceOrientations_iPad = "UIInterfaceOrientationPortrait UIInterfaceOrientationPortraitUpsideDown UIInterfaceOrientationLandscapeLeft UIInterfaceOrientationLandscapeRight";
				INFOPLIST_KEY_UISupportedInterfaceOrientations_iPhone = "UIInterfaceOrientationPortrait UIInterfaceOrientationLandscapeLeft UIInterfaceOrientationLandscapeRight";
				LD_RUNPATH_SEARCH_PATHS = (
					"$(inherited)",
					"@executable_path/Frameworks",
				);
				MARKETING_VERSION = 1.0;
				PRODUCT_BUNDLE_IDENTIFIER = Karen.LoyaltyProgram;
				PRODUCT_NAME = "$(TARGET_NAME)";
				SWIFT_EMIT_LOC_STRINGS = YES;
				SWIFT_VERSION = 5.0;
				TARGETED_DEVICE_FAMILY = "1,2";
			};
			name = Debug;
		};
		6B2501862D0AEAD1004B50C1 /* Release */ = {
			isa = XCBuildConfiguration;
			buildSettings = {
				ASSETCATALOG_COMPILER_APPICON_NAME = AppIcon;
				ASSETCATALOG_COMPILER_GLOBAL_ACCENT_COLOR_NAME = AccentColor;
				CODE_SIGN_STYLE = Automatic;
				CURRENT_PROJECT_VERSION = 1;
				DEVELOPMENT_TEAM = 9YUSQBCAX9;
				GENERATE_INFOPLIST_FILE = YES;
				INFOPLIST_FILE = LoyaltyProgram/Info.plist;
				INFOPLIST_KEY_UIApplicationSupportsIndirectInputEvents = YES;
				INFOPLIST_KEY_UILaunchStoryboardName = LaunchScreen;
				INFOPLIST_KEY_UIMainStoryboardFile = Root;
				INFOPLIST_KEY_UISupportedInterfaceOrientations_iPad = "UIInterfaceOrientationPortrait UIInterfaceOrientationPortraitUpsideDown UIInterfaceOrientationLandscapeLeft UIInterfaceOrientationLandscapeRight";
				INFOPLIST_KEY_UISupportedInterfaceOrientations_iPhone = "UIInterfaceOrientationPortrait UIInterfaceOrientationLandscapeLeft UIInterfaceOrientationLandscapeRight";
				LD_RUNPATH_SEARCH_PATHS = (
					"$(inherited)",
					"@executable_path/Frameworks",
				);
				MARKETING_VERSION = 1.0;
				PRODUCT_BUNDLE_IDENTIFIER = Karen.LoyaltyProgram;
				PRODUCT_NAME = "$(TARGET_NAME)";
				SWIFT_EMIT_LOC_STRINGS = YES;
				SWIFT_VERSION = 5.0;
				TARGETED_DEVICE_FAMILY = "1,2";
			};
			name = Release;
		};
		6B2501872D0AEAD1004B50C1 /* Debug */ = {
			isa = XCBuildConfiguration;
			buildSettings = {
				ALWAYS_SEARCH_USER_PATHS = NO;
				ASSETCATALOG_COMPILER_GENERATE_SWIFT_ASSET_SYMBOL_EXTENSIONS = YES;
				CLANG_ANALYZER_NONNULL = YES;
				CLANG_ANALYZER_NUMBER_OBJECT_CONVERSION = YES_AGGRESSIVE;
				CLANG_CXX_LANGUAGE_STANDARD = "gnu++20";
				CLANG_ENABLE_MODULES = YES;
				CLANG_ENABLE_OBJC_ARC = YES;
				CLANG_ENABLE_OBJC_WEAK = YES;
				CLANG_WARN_BLOCK_CAPTURE_AUTORELEASING = YES;
				CLANG_WARN_BOOL_CONVERSION = YES;
				CLANG_WARN_COMMA = YES;
				CLANG_WARN_CONSTANT_CONVERSION = YES;
				CLANG_WARN_DEPRECATED_OBJC_IMPLEMENTATIONS = YES;
				CLANG_WARN_DIRECT_OBJC_ISA_USAGE = YES_ERROR;
				CLANG_WARN_DOCUMENTATION_COMMENTS = YES;
				CLANG_WARN_EMPTY_BODY = YES;
				CLANG_WARN_ENUM_CONVERSION = YES;
				CLANG_WARN_INFINITE_RECURSION = YES;
				CLANG_WARN_INT_CONVERSION = YES;
				CLANG_WARN_NON_LITERAL_NULL_CONVERSION = YES;
				CLANG_WARN_OBJC_IMPLICIT_RETAIN_SELF = YES;
				CLANG_WARN_OBJC_LITERAL_CONVERSION = YES;
				CLANG_WARN_OBJC_ROOT_CLASS = YES_ERROR;
				CLANG_WARN_QUOTED_INCLUDE_IN_FRAMEWORK_HEADER = YES;
				CLANG_WARN_RANGE_LOOP_ANALYSIS = YES;
				CLANG_WARN_STRICT_PROTOTYPES = YES;
				CLANG_WARN_SUSPICIOUS_MOVE = YES;
				CLANG_WARN_UNGUARDED_AVAILABILITY = YES_AGGRESSIVE;
				CLANG_WARN_UNREACHABLE_CODE = YES;
				CLANG_WARN__DUPLICATE_METHOD_MATCH = YES;
				COPY_PHASE_STRIP = NO;
				DEBUG_INFORMATION_FORMAT = dwarf;
				ENABLE_STRICT_OBJC_MSGSEND = YES;
				ENABLE_TESTABILITY = YES;
				ENABLE_USER_SCRIPT_SANDBOXING = YES;
				GCC_C_LANGUAGE_STANDARD = gnu17;
				GCC_DYNAMIC_NO_PIC = NO;
				GCC_NO_COMMON_BLOCKS = YES;
				GCC_OPTIMIZATION_LEVEL = 0;
				GCC_PREPROCESSOR_DEFINITIONS = (
					"DEBUG=1",
					"$(inherited)",
				);
				GCC_WARN_64_TO_32_BIT_CONVERSION = YES;
				GCC_WARN_ABOUT_RETURN_TYPE = YES_ERROR;
				GCC_WARN_UNDECLARED_SELECTOR = YES;
				GCC_WARN_UNINITIALIZED_AUTOS = YES_AGGRESSIVE;
				GCC_WARN_UNUSED_FUNCTION = YES;
				GCC_WARN_UNUSED_VARIABLE = YES;
				IPHONEOS_DEPLOYMENT_TARGET = 18.1;
				LOCALIZATION_PREFERS_STRING_CATALOGS = YES;
				MTL_ENABLE_DEBUG_INFO = INCLUDE_SOURCE;
				MTL_FAST_MATH = YES;
				ONLY_ACTIVE_ARCH = YES;
				SDKROOT = iphoneos;
				SWIFT_ACTIVE_COMPILATION_CONDITIONS = "DEBUG $(inherited)";
				SWIFT_OPTIMIZATION_LEVEL = "-Onone";
			};
			name = Debug;
		};
		6B2501882D0AEAD1004B50C1 /* Release */ = {
			isa = XCBuildConfiguration;
			buildSettings = {
				ALWAYS_SEARCH_USER_PATHS = NO;
				ASSETCATALOG_COMPILER_GENERATE_SWIFT_ASSET_SYMBOL_EXTENSIONS = YES;
				CLANG_ANALYZER_NONNULL = YES;
				CLANG_ANALYZER_NUMBER_OBJECT_CONVERSION = YES_AGGRESSIVE;
				CLANG_CXX_LANGUAGE_STANDARD = "gnu++20";
				CLANG_ENABLE_MODULES = YES;
				CLANG_ENABLE_OBJC_ARC = YES;
				CLANG_ENABLE_OBJC_WEAK = YES;
				CLANG_WARN_BLOCK_CAPTURE_AUTORELEASING = YES;
				CLANG_WARN_BOOL_CONVERSION = YES;
				CLANG_WARN_COMMA = YES;
				CLANG_WARN_CONSTANT_CONVERSION = YES;
				CLANG_WARN_DEPRECATED_OBJC_IMPLEMENTATIONS = YES;
				CLANG_WARN_DIRECT_OBJC_ISA_USAGE = YES_ERROR;
				CLANG_WARN_DOCUMENTATION_COMMENTS = YES;
				CLANG_WARN_EMPTY_BODY = YES;
				CLANG_WARN_ENUM_CONVERSION = YES;
				CLANG_WARN_INFINITE_RECURSION = YES;
				CLANG_WARN_INT_CONVERSION = YES;
				CLANG_WARN_NON_LITERAL_NULL_CONVERSION = YES;
				CLANG_WARN_OBJC_IMPLICIT_RETAIN_SELF = YES;
				CLANG_WARN_OBJC_LITERAL_CONVERSION = YES;
				CLANG_WARN_OBJC_ROOT_CLASS = YES_ERROR;
				CLANG_WARN_QUOTED_INCLUDE_IN_FRAMEWORK_HEADER = YES;
				CLANG_WARN_RANGE_LOOP_ANALYSIS = YES;
				CLANG_WARN_STRICT_PROTOTYPES = YES;
				CLANG_WARN_SUSPICIOUS_MOVE = YES;
				CLANG_WARN_UNGUARDED_AVAILABILITY = YES_AGGRESSIVE;
				CLANG_WARN_UNREACHABLE_CODE = YES;
				CLANG_WARN__DUPLICATE_METHOD_MATCH = YES;
				COPY_PHASE_STRIP = NO;
				DEBUG_INFORMATION_FORMAT = "dwarf-with-dsym";
				ENABLE_NS_ASSERTIONS = NO;
				ENABLE_STRICT_OBJC_MSGSEND = YES;
				ENABLE_USER_SCRIPT_SANDBOXING = YES;
				GCC_C_LANGUAGE_STANDARD = gnu17;
				GCC_NO_COMMON_BLOCKS = YES;
				GCC_WARN_64_TO_32_BIT_CONVERSION = YES;
				GCC_WARN_ABOUT_RETURN_TYPE = YES_ERROR;
				GCC_WARN_UNDECLARED_SELECTOR = YES;
				GCC_WARN_UNINITIALIZED_AUTOS = YES_AGGRESSIVE;
				GCC_WARN_UNUSED_FUNCTION = YES;
				GCC_WARN_UNUSED_VARIABLE = YES;
				IPHONEOS_DEPLOYMENT_TARGET = 18.1;
				LOCALIZATION_PREFERS_STRING_CATALOGS = YES;
				MTL_ENABLE_DEBUG_INFO = NO;
				MTL_FAST_MATH = YES;
				SDKROOT = iphoneos;
				SWIFT_COMPILATION_MODE = wholemodule;
				VALIDATE_PRODUCT = YES;
			};
			name = Release;
		};
/* End XCBuildConfiguration section */

/* Begin XCConfigurationList section */
		6B2501692D0AEACF004B50C1 /* Build configuration list for PBXProject "LoyaltyProgram" */ = {
			isa = XCConfigurationList;
			buildConfigurations = (
				6B2501872D0AEAD1004B50C1 /* Debug */,
				6B2501882D0AEAD1004B50C1 /* Release */,
			);
			defaultConfigurationIsVisible = 0;
			defaultConfigurationName = Release;
		};
		6B2501842D0AEAD1004B50C1 /* Build configuration list for PBXNativeTarget "LoyaltyProgram" */ = {
			isa = XCConfigurationList;
			buildConfigurations = (
				6B2501852D0AEAD1004B50C1 /* Debug */,
				6B2501862D0AEAD1004B50C1 /* Release */,
			);
			defaultConfigurationIsVisible = 0;
			defaultConfigurationName = Release;
		};
/* End XCConfigurationList section */

/* Begin XCVersionGroup section */
		6B25018E2D0AEAD6004B50C1 /* LoyaltyProgram.xcdatamodeld */ = {
			isa = XCVersionGroup;
			children = (
				6B2501942D0AEAD6004B50C1 /* LoyaltyProgram.xcdatamodel */,
			);
			currentVersion = 6B2501942D0AEAD6004B50C1 /* LoyaltyProgram.xcdatamodel */;
			path = LoyaltyProgram.xcdatamodeld;
			sourceTree = "<group>";
			versionGroupType = wrapper.xcdatamodel;
		};
/* End XCVersionGroup section */
	};
	rootObject = 6B2501662D0AEACF004B50C1 /* Project object */;
}
